<?xml version="1.0" encoding="utf-8"?>
<Project ToolsVersion="4.0" xmlns="http://schemas.microsoft.com/developer/msbuild/2003">
  <ItemGroup>
    <Filter Include="Source Files">
      <UniqueIdentifier>{4FC737F1-C7A5-4376-A066-2A32D752A2FF}</UniqueIdentifier>
      <Extensions>cpp;c;cc;cxx;def;odl;idl;hpj;bat;asm;asmx</Extensions>
    </Filter>
    <Filter Include="Header Files">
      <UniqueIdentifier>{93995380-89BD-4b04-88EB-625FBE52EBFB}</UniqueIdentifier>
      <Extensions>h;hh;hpp;hxx;hm;inl;inc;xsd</Extensions>
    </Filter>
    <Filter Include="Resource Files">
      <UniqueIdentifier>{67DA6AB6-F800-4c08-8B7A-83BB121AAD01}</UniqueIdentifier>
      <Extensions>rc;ico;cur;bmp;dlg;rc2;rct;bin;rgs;gif;jpg;jpeg;jpe;resx;tiff;tif;png;wav;mfcribbon-ms</Extensions>
    </Filter>
    <Filter Include="Header Files\Core">
      <UniqueIdentifier>{4971784b-fa1c-4d9c-ae11-67761ddf4891}</UniqueIdentifier>
    </Filter>
    <Filter Include="Header Files\Graphics">
      <UniqueIdentifier>{25828ae7-22ba-417b-915e-ac67ce36e12c}</UniqueIdentifier>
    </Filter>
    <Filter Include="Header Files\IO">
      <UniqueIdentifier>{cd860ca0-77dd-4f95-9aa5-7d2a5c243446}</UniqueIdentifier>
    </Filter>
    <Filter Include="Header Files\Libraries">
      <UniqueIdentifier>{714907c0-275d-4f89-99cb-54897fde5c1b}</UniqueIdentifier>
    </Filter>
    <Filter Include="Header Files\UI">
      <UniqueIdentifier>{90e2c44c-318a-4288-adfd-a2a39ef68c35}</UniqueIdentifier>
    </Filter>
    <Filter Include="Source Files\Core">
      <UniqueIdentifier>{52c9190a-c02f-4f5c-9ed8-09d6a39d7c51}</UniqueIdentifier>
    </Filter>
    <Filter Include="Source Files\Graphics">
      <UniqueIdentifier>{d6695a21-ffb2-49a9-a3e4-e671aa36d7da}</UniqueIdentifier>
    </Filter>
    <Filter Include="Source Files\IO">
      <UniqueIdentifier>{59611fc3-4ea0-4fb2-9ad5-0ddf81a557c1}</UniqueIdentifier>
    </Filter>
    <Filter Include="Source Files\Libraries">
      <UniqueIdentifier>{5396f673-3afa-4da3-a243-2748952fbdde}</UniqueIdentifier>
    </Filter>
    <Filter Include="Source Files\UI">
      <UniqueIdentifier>{9fe3453e-9086-4816-957d-b0b3be2212d7}</UniqueIdentifier>
    </Filter>
    <Filter Include="Header Files\Automata">
      <UniqueIdentifier>{7141398d-e4b9-4ceb-aa38-380ba3243263}</UniqueIdentifier>
    </Filter>
    <Filter Include="Header Files\Automata\Simulations">
      <UniqueIdentifier>{7242f4c0-eeb3-484c-8e68-c2d0d7cd6a85}</UniqueIdentifier>
    </Filter>
    <Filter Include="Header Files\Automata\Cells">
      <UniqueIdentifier>{98e96538-5486-4e13-8045-b2dd2ef18fa3}</UniqueIdentifier>
    </Filter>
    <Filter Include="Source Files\Automata">
      <UniqueIdentifier>{edf99170-a105-4889-b890-d802b7bbcb23}</UniqueIdentifier>
    </Filter>
    <Filter Include="Source Files\Automata\Simulations">
      <UniqueIdentifier>{303b3a97-3b8e-476a-8e63-aeec648e613f}</UniqueIdentifier>
    </Filter>
    <Filter Include="Source Files\Automata\Cells">
      <UniqueIdentifier>{9d826f56-d172-4148-9f80-3368f0e014fc}</UniqueIdentifier>
    </Filter>
    <Filter Include="Source Files\Utilities">
      <UniqueIdentifier>{7547f86b-a04e-4a0f-8fe6-c73b62493b91}</UniqueIdentifier>
    </Filter>
    <Filter Include="Header Files\Utilities">
      <UniqueIdentifier>{47415f52-04d2-47b8-b331-0c9892d0a652}</UniqueIdentifier>
    </Filter>
  </ItemGroup>
  <ItemGroup>
    <ClCompile Include="Core\ResourceInitializer.cpp">
      <Filter>Source Files\Core</Filter>
    </ClCompile>
    <ClCompile Include="Graphics\Color.cpp">
      <Filter>Source Files\Graphics</Filter>
    </ClCompile>
    <ClCompile Include="Graphics\Font.cpp">
      <Filter>Source Files\Graphics</Filter>
    </ClCompile>
    <ClCompile Include="Graphics\Texture.cpp">
      <Filter>Source Files\Graphics</Filter>
    </ClCompile>
    <ClCompile Include="IO\FontManager.cpp">
      <Filter>Source Files\IO</Filter>
    </ClCompile>
    <ClCompile Include="IO\IOManager.cpp">
      <Filter>Source Files\IO</Filter>
    </ClCompile>
    <ClCompile Include="Libraries\picopng.cpp">
      <Filter>Source Files\Libraries</Filter>
    </ClCompile>
    <ClCompile Include="UI\TextLabel.cpp">
      <Filter>Source Files\UI</Filter>
    </ClCompile>
    <ClCompile Include="Core\ProjectAutomata.cpp">
      <Filter>Source Files\Core</Filter>
    </ClCompile>
    <ClCompile Include="Automata\Simulations\ForestFireSimulation.cpp">
      <Filter>Source Files\Automata\Simulations</Filter>
    </ClCompile>
    <ClCompile Include="Automata\Simulations\GameOfLifeSimulation.cpp">
      <Filter>Source Files\Automata\Simulations</Filter>
    </ClCompile>
    <ClCompile Include="Automata\Simulations\Simulation.cpp">
      <Filter>Source Files\Automata\Simulations</Filter>
    </ClCompile>
    <ClCompile Include="Automata\Cells\Cell.cpp">
      <Filter>Source Files\Automata\Cells</Filter>
    </ClCompile>
    <ClCompile Include="Automata\Cells\GameOfLifeCell.cpp">
      <Filter>Source Files\Automata\Cells</Filter>
    </ClCompile>
    <ClCompile Include="Automata\Cells\ForestFireCell.cpp">
      <Filter>Source Files\Automata\Cells</Filter>
    </ClCompile>
    <ClCompile Include="Utilities\Math.cpp">
      <Filter>Source Files\Utilities</Filter>
    </ClCompile>
  </ItemGroup>
  <ItemGroup>
    <ClInclude Include="Core\ResourceInitializer.h">
      <Filter>Header Files\Core</Filter>
    </ClInclude>
    <ClInclude Include="Graphics\Color.h">
      <Filter>Header Files\Graphics</Filter>
    </ClInclude>
    <ClInclude Include="Graphics\Font.h">
      <Filter>Header Files\Graphics</Filter>
    </ClInclude>
    <ClInclude Include="Graphics\Texture.h">
      <Filter>Header Files\Graphics</Filter>
    </ClInclude>
    <ClInclude Include="IO\FontManager.h">
      <Filter>Header Files\IO</Filter>
    </ClInclude>
    <ClInclude Include="IO\IOManager.h">
      <Filter>Header Files\IO</Filter>
    </ClInclude>
    <ClInclude Include="Libraries\picopng.h">
      <Filter>Header Files\Libraries</Filter>
    </ClInclude>
    <ClInclude Include="UI\TextLabel.h">
      <Filter>Header Files\UI</Filter>
    </ClInclude>
    <ClInclude Include="Core\ProjectAutomata.h">
      <Filter>Header Files\Core</Filter>
    </ClInclude>
    <ClInclude Include="Automata\Simulations\ForestFireSimulation.h">
      <Filter>Header Files\Automata\Simulations</Filter>
    </ClInclude>
    <ClInclude Include="Automata\Simulations\GameOfLifeSimulation.h">
      <Filter>Header Files\Automata\Simulations</Filter>
    </ClInclude>
    <ClInclude Include="Automata\Simulations\Simulation.h">
      <Filter>Header Files\Automata\Simulations</Filter>
    </ClInclude>
    <ClInclude Include="Automata\Cells\GameOfLifeCell.h">
      <Filter>Header Files\Automata\Cells</Filter>
    </ClInclude>
    <ClInclude Include="Automata\Cells\Cell.h">
      <Filter>Header Files\Automata\Cells</Filter>
    </ClInclude>
    <ClInclude Include="Automata\Cells\ForestFireCell.h">
      <Filter>Header Files\Automata\Cells</Filter>
    </ClInclude>
    <ClInclude Include="Utilities\Math.h">
      <Filter>Header Files\Utilities</Filter>
    </ClInclude>
  </ItemGroup>
</Project>